
Microsoft Visual Studio Solution File, Format Version 12.00
# Visual Studio Version 17
VisualStudioVersion = 17.5.002.0
MinimumVisualStudioVersion = 10.0.40219.1
Project("{9A19103F-16F7-4668-BE54-9A1E7A4F7556}") = "tim_gia_tri_trong_mang", "tim_gia_tri_trong_mang.csproj", "{F9D07CF6-3849-4158-AA16-EE008FECEFC3}"
EndProject
Global
	GlobalSection(SolutionConfigurationPlatforms) = preSolution
		Debug|Any CPU = Debug|Any CPU
		Release|Any CPU = Release|Any CPU
	EndGlobalSection
	GlobalSection(ProjectConfigurationPlatforms) = postSolution
		{F9D07CF6-3849-4158-AA16-EE008FECEFC3}.Debug|Any CPU.ActiveCfg = Debug|Any CPU
		{F9D07CF6-3849-4158-AA16-EE008FECEFC3}.Debug|Any CPU.Build.0 = Debug|Any CPU
		{F9D07CF6-3849-4158-AA16-EE008FECEFC3}.Release|Any CPU.ActiveCfg = Release|Any CPU
		{F9D07CF6-3849-4158-AA16-EE008FECEFC3}.Release|Any CPU.Build.0 = Release|Any CPU
	EndGlobalSection
	GlobalSection(SolutionProperties) = preSolution
		HideSolutionNode = FALSE
	EndGlobalSection
	GlobalSection(ExtensibilityGlobals) = postSolution
		SolutionGuid = {710FF41E-3F29-4DD5-94D1-B7F67F907D95}
	EndGlobalSection
EndGlobal
